
Microsoft Visual Studio Solution File, Format Version 12.00
# Visual Studio Version 16
VisualStudioVersion = 16.0.29609.76
MinimumVisualStudioVersion = 10.0.40219.1
Project("{FAE04EC0-301F-11D3-BF4B-00C04F79EFBC}") = "SearchBarRTL.Android", "SearchBarRTL\SearchBarRTL.Android\SearchBarRTL.Android.csproj", "{6145DD92-2ACC-46AA-89DB-9D46AC621AED}"
EndProject
Project("{FAE04EC0-301F-11D3-BF4B-00C04F79EFBC}") = "SearchBarRTL.iOS", "SearchBarRTL\SearchBarRTL.iOS\SearchBarRTL.iOS.csproj", "{5527276C-8E14-4D10-8106-AE495AE896A2}"
EndProject
Project("{FAE04EC0-301F-11D3-BF4B-00C04F79EFBC}") = "SearchBarRTL", "SearchBarRTL\SearchBarRTL\SearchBarRTL.csproj", "{E2051C0B-F3D6-4A38-BECE-18E40BEC65A5}"
EndProject
Global
	GlobalSection(SolutionConfigurationPlatforms) = preSolution
		Debug|Any CPU = Debug|Any CPU
		Debug|iPhone = Debug|iPhone
		Debug|iPhoneSimulator = Debug|iPhoneSimulator
		Release|Any CPU = Release|Any CPU
		Release|iPhone = Release|iPhone
		Release|iPhoneSimulator = Release|iPhoneSimulator
	EndGlobalSection
	GlobalSection(ProjectConfigurationPlatforms) = postSolution
		{6145DD92-2ACC-46AA-89DB-9D46AC621AED}.Debug|Any CPU.ActiveCfg = Debug|Any CPU
		{6145DD92-2ACC-46AA-89DB-9D46AC621AED}.Debug|Any CPU.Build.0 = Debug|Any CPU
		{6145DD92-2ACC-46AA-89DB-9D46AC621AED}.Debug|Any CPU.Deploy.0 = Debug|Any CPU
		{6145DD92-2ACC-46AA-89DB-9D46AC621AED}.Debug|iPhone.ActiveCfg = Debug|Any CPU
		{6145DD92-2ACC-46AA-89DB-9D46AC621AED}.Debug|iPhone.Build.0 = Debug|Any CPU
		{6145DD92-2ACC-46AA-89DB-9D46AC621AED}.Debug|iPhone.Deploy.0 = Debug|Any CPU
		{6145DD92-2ACC-46AA-89DB-9D46AC621AED}.Debug|iPhoneSimulator.ActiveCfg = Debug|Any CPU
		{6145DD92-2ACC-46AA-89DB-9D46AC621AED}.Debug|iPhoneSimulator.Build.0 = Debug|Any CPU
		{6145DD92-2ACC-46AA-89DB-9D46AC621AED}.Debug|iPhoneSimulator.Deploy.0 = Debug|Any CPU
		{6145DD92-2ACC-46AA-89DB-9D46AC621AED}.Release|Any CPU.ActiveCfg = Release|Any CPU
		{6145DD92-2ACC-46AA-89DB-9D46AC621AED}.Release|Any CPU.Build.0 = Release|Any CPU
		{6145DD92-2ACC-46AA-89DB-9D46AC621AED}.Release|Any CPU.Deploy.0 = Release|Any CPU
		{6145DD92-2ACC-46AA-89DB-9D46AC621AED}.Release|iPhone.ActiveCfg = Release|Any CPU
		{6145DD92-2ACC-46AA-89DB-9D46AC621AED}.Release|iPhone.Build.0 = Release|Any CPU
		{6145DD92-2ACC-46AA-89DB-9D46AC621AED}.Release|iPhone.Deploy.0 = Release|Any CPU
		{6145DD92-2ACC-46AA-89DB-9D46AC621AED}.Release|iPhoneSimulator.ActiveCfg = Release|Any CPU
		{6145DD92-2ACC-46AA-89DB-9D46AC621AED}.Release|iPhoneSimulator.Build.0 = Release|Any CPU
		{6145DD92-2ACC-46AA-89DB-9D46AC621AED}.Release|iPhoneSimulator.Deploy.0 = Release|Any CPU
		{5527276C-8E14-4D10-8106-AE495AE896A2}.Debug|Any CPU.ActiveCfg = Debug|iPhoneSimulator
		{5527276C-8E14-4D10-8106-AE495AE896A2}.Debug|Any CPU.Build.0 = Debug|iPhoneSimulator
		{5527276C-8E14-4D10-8106-AE495AE896A2}.Debug|Any CPU.Deploy.0 = Debug|iPhoneSimulator
		{5527276C-8E14-4D10-8106-AE495AE896A2}.Debug|iPhone.ActiveCfg = Debug|iPhone
		{5527276C-8E14-4D10-8106-AE495AE896A2}.Debug|iPhone.Build.0 = Debug|iPhone
		{5527276C-8E14-4D10-8106-AE495AE896A2}.Debug|iPhone.Deploy.0 = Debug|iPhone
		{5527276C-8E14-4D10-8106-AE495AE896A2}.Debug|iPhoneSimulator.ActiveCfg = Debug|iPhoneSimulator
		{5527276C-8E14-4D10-8106-AE495AE896A2}.Debug|iPhoneSimulator.Build.0 = Debug|iPhoneSimulator
		{5527276C-8E14-4D10-8106-AE495AE896A2}.Debug|iPhoneSimulator.Deploy.0 = Debug|iPhoneSimulator
		{5527276C-8E14-4D10-8106-AE495AE896A2}.Release|Any CPU.ActiveCfg = Release|iPhone
		{5527276C-8E14-4D10-8106-AE495AE896A2}.Release|Any CPU.Build.0 = Release|iPhone
		{5527276C-8E14-4D10-8106-AE495AE896A2}.Release|Any CPU.Deploy.0 = Release|iPhone
		{5527276C-8E14-4D10-8106-AE495AE896A2}.Release|iPhone.ActiveCfg = Release|iPhone
		{5527276C-8E14-4D10-8106-AE495AE896A2}.Release|iPhone.Build.0 = Release|iPhone
		{5527276C-8E14-4D10-8106-AE495AE896A2}.Release|iPhone.Deploy.0 = Release|iPhone
		{5527276C-8E14-4D10-8106-AE495AE896A2}.Release|iPhoneSimulator.ActiveCfg = Release|iPhoneSimulator
		{5527276C-8E14-4D10-8106-AE495AE896A2}.Release|iPhoneSimulator.Build.0 = Release|iPhoneSimulator
		{5527276C-8E14-4D10-8106-AE495AE896A2}.Release|iPhoneSimulator.Deploy.0 = Release|iPhoneSimulator
		{E2051C0B-F3D6-4A38-BECE-18E40BEC65A5}.Debug|Any CPU.ActiveCfg = Debug|Any CPU
		{E2051C0B-F3D6-4A38-BECE-18E40BEC65A5}.Debug|Any CPU.Build.0 = Debug|Any CPU
		{E2051C0B-F3D6-4A38-BECE-18E40BEC65A5}.Debug|Any CPU.Deploy.0 = Debug|Any CPU
		{E2051C0B-F3D6-4A38-BECE-18E40BEC65A5}.Debug|iPhone.ActiveCfg = Debug|Any CPU
		{E2051C0B-F3D6-4A38-BECE-18E40BEC65A5}.Debug|iPhone.Build.0 = Debug|Any CPU
		{E2051C0B-F3D6-4A38-BECE-18E40BEC65A5}.Debug|iPhone.Deploy.0 = Debug|Any CPU
		{E2051C0B-F3D6-4A38-BECE-18E40BEC65A5}.Debug|iPhoneSimulator.ActiveCfg = Debug|Any CPU
		{E2051C0B-F3D6-4A38-BECE-18E40BEC65A5}.Debug|iPhoneSimulator.Build.0 = Debug|Any CPU
		{E2051C0B-F3D6-4A38-BECE-18E40BEC65A5}.Debug|iPhoneSimulator.Deploy.0 = Debug|Any CPU
		{E2051C0B-F3D6-4A38-BECE-18E40BEC65A5}.Release|Any CPU.ActiveCfg = Release|Any CPU
		{E2051C0B-F3D6-4A38-BECE-18E40BEC65A5}.Release|Any CPU.Build.0 = Release|Any CPU
		{E2051C0B-F3D6-4A38-BECE-18E40BEC65A5}.Release|Any CPU.Deploy.0 = Release|Any CPU
		{E2051C0B-F3D6-4A38-BECE-18E40BEC65A5}.Release|iPhone.ActiveCfg = Release|Any CPU
		{E2051C0B-F3D6-4A38-BECE-18E40BEC65A5}.Release|iPhone.Build.0 = Release|Any CPU
		{E2051C0B-F3D6-4A38-BECE-18E40BEC65A5}.Release|iPhone.Deploy.0 = Release|Any CPU
		{E2051C0B-F3D6-4A38-BECE-18E40BEC65A5}.Release|iPhoneSimulator.ActiveCfg = Release|Any CPU
		{E2051C0B-F3D6-4A38-BECE-18E40BEC65A5}.Release|iPhoneSimulator.Build.0 = Release|Any CPU
		{E2051C0B-F3D6-4A38-BECE-18E40BEC65A5}.Release|iPhoneSimulator.Deploy.0 = Release|Any CPU
	EndGlobalSection
	GlobalSection(SolutionProperties) = preSolution
		HideSolutionNode = FALSE
	EndGlobalSection
	GlobalSection(ExtensibilityGlobals) = postSolution
		SolutionGuid = {2D52F23F-95F6-48E2-92AA-C0969A29ACE6}
	EndGlobalSection
EndGlobal
